// !$*UTF8*$!
{
	archiveVersion = 1;
	classes = {
	};
	objectVersion = 46;
	objects = {

/* Begin PBXBuildFile section */
		1C230FBF1DC6DAF200CC2167 /* RangeSlider.swift in Sources */ = {isa = PBXBuildFile; fileRef = 1C230FBE1DC6DAF200CC2167 /* RangeSlider.swift */; };
		1C51234B1D9776950097F5F1 /* PopoverDatePickerViewController.swift in Sources */ = {isa = PBXBuildFile; fileRef = 1C51234A1D9776950097F5F1 /* PopoverDatePickerViewController.swift */; };
		1C804E301D7F78C00035E280 /* Utility.swift in Sources */ = {isa = PBXBuildFile; fileRef = 1C804E2F1D7F78C00035E280 /* Utility.swift */; };
		1CB0082C1D7BDC850078DF8B /* CloudKitHelpers.swift in Sources */ = {isa = PBXBuildFile; fileRef = 1CB008211D7BDC850078DF8B /* CloudKitHelpers.swift */; };
		1CB0082D1D7BDC850078DF8B /* CoreDataManager.swift in Sources */ = {isa = PBXBuildFile; fileRef = 1CB008221D7BDC850078DF8B /* CoreDataManager.swift */; };
		1CB0082E1D7BDC850078DF8B /* PopoverDatePickerViewController.swift in Sources */ = {isa = PBXBuildFile; fileRef = 1CB008231D7BDC850078DF8B /* PopoverDatePickerViewController.swift */; };
		1CB0082F1D7BDC850078DF8B /* PopoverDatePickerViewController.xib in Resources */ = {isa = PBXBuildFile; fileRef = 1CB008241D7BDC850078DF8B /* PopoverDatePickerViewController.xib */; };
		1CB008301D7BDC850078DF8B /* PopoverSelectorViewController.swift in Sources */ = {isa = PBXBuildFile; fileRef = 1CB008251D7BDC850078DF8B /* PopoverSelectorViewController.swift */; };
		1CB008311D7BDC850078DF8B /* PopoverSelectorViewController.xib in Resources */ = {isa = PBXBuildFile; fileRef = 1CB008261D7BDC850078DF8B /* PopoverSelectorViewController.xib */; };
		1CB008321D7BDC850078DF8B /* PopoverTextEntryViewController.swift in Sources */ = {isa = PBXBuildFile; fileRef = 1CB008271D7BDC850078DF8B /* PopoverTextEntryViewController.swift */; };
		1CB008331D7BDC850078DF8B /* PopoverTextEntryViewController.xib in Resources */ = {isa = PBXBuildFile; fileRef = 1CB008281D7BDC850078DF8B /* PopoverTextEntryViewController.xib */; };
		1CB008341D7BDC850078DF8B /* RandomizeHelpers.swift in Sources */ = {isa = PBXBuildFile; fileRef = 1CB008291D7BDC850078DF8B /* RandomizeHelpers.swift */; };
		1CB008351D7BDC850078DF8B /* Utility.swift in Sources */ = {isa = PBXBuildFile; fileRef = 1CB0082A1D7BDC850078DF8B /* Utility.swift */; };
		1CB008361D7BDC850078DF8B /* ValidationHelpers.swift in Sources */ = {isa = PBXBuildFile; fileRef = 1CB0082B1D7BDC850078DF8B /* ValidationHelpers.swift */; };
		1CB36D731DA16CFF0095E4DF /* CircleGraphView.swift in Sources */ = {isa = PBXBuildFile; fileRef = 1CB36D721DA16CFF0095E4DF /* CircleGraphView.swift */; };
		1CD823AA1D90D68A002D6FCE /* CoreDataManager.swift in Sources */ = {isa = PBXBuildFile; fileRef = 1CD823A91D90D68A002D6FCE /* CoreDataManager.swift */; };
		1CD823AE1D90D71D002D6FCE /* ImagePanViewController.swift in Sources */ = {isa = PBXBuildFile; fileRef = 1CD823AD1D90D71D002D6FCE /* ImagePanViewController.swift */; };
/* End PBXBuildFile section */

/* Begin PBXFileReference section */
		1C13D9C01CCDD27300164F16 /* TMShared.app */ = {isa = PBXFileReference; explicitFileType = wrapper.application; includeInIndex = 0; path = TMShared.app; sourceTree = BUILT_PRODUCTS_DIR; };
		1C230FBE1DC6DAF200CC2167 /* RangeSlider.swift */ = {isa = PBXFileReference; fileEncoding = 4; lastKnownFileType = sourcecode.swift; name = RangeSlider.swift; path = Swift3/RangeSlider.swift; sourceTree = "<group>"; };
		1C51234A1D9776950097F5F1 /* PopoverDatePickerViewController.swift */ = {isa = PBXFileReference; fileEncoding = 4; lastKnownFileType = sourcecode.swift; name = PopoverDatePickerViewController.swift; path = Swift3/PopoverDatePickerViewController.swift; sourceTree = "<group>"; };
		1C804E2F1D7F78C00035E280 /* Utility.swift */ = {isa = PBXFileReference; fileEncoding = 4; lastKnownFileType = sourcecode.swift; name = Utility.swift; path = Swift3/Utility.swift; sourceTree = "<group>"; };
		1CB008211D7BDC850078DF8B /* CloudKitHelpers.swift */ = {isa = PBXFileReference; fileEncoding = 4; lastKnownFileType = sourcecode.swift; name = CloudKitHelpers.swift; path = Swift2/CloudKitHelpers.swift; sourceTree = "<group>"; };
		1CB008221D7BDC850078DF8B /* CoreDataManager.swift */ = {isa = PBXFileReference; fileEncoding = 4; lastKnownFileType = sourcecode.swift; name = CoreDataManager.swift; path = Swift2/CoreDataManager.swift; sourceTree = "<group>"; };
		1CB008231D7BDC850078DF8B /* PopoverDatePickerViewController.swift */ = {isa = PBXFileReference; fileEncoding = 4; lastKnownFileType = sourcecode.swift; name = PopoverDatePickerViewController.swift; path = Swift2/PopoverDatePickerViewController.swift; sourceTree = "<group>"; };
		1CB008241D7BDC850078DF8B /* PopoverDatePickerViewController.xib */ = {isa = PBXFileReference; fileEncoding = 4; lastKnownFileType = file.xib; name = PopoverDatePickerViewController.xib; path = Swift2/PopoverDatePickerViewController.xib; sourceTree = "<group>"; };
		1CB008251D7BDC850078DF8B /* PopoverSelectorViewController.swift */ = {isa = PBXFileReference; fileEncoding = 4; lastKnownFileType = sourcecode.swift; name = PopoverSelectorViewController.swift; path = Swift2/PopoverSelectorViewController.swift; sourceTree = "<group>"; };
		1CB008261D7BDC850078DF8B /* PopoverSelectorViewController.xib */ = {isa = PBXFileReference; fileEncoding = 4; lastKnownFileType = file.xib; name = PopoverSelectorViewController.xib; path = Swift2/PopoverSelectorViewController.xib; sourceTree = "<group>"; };
		1CB008271D7BDC850078DF8B /* PopoverTextEntryViewController.swift */ = {isa = PBXFileReference; fileEncoding = 4; lastKnownFileType = sourcecode.swift; name = PopoverTextEntryViewController.swift; path = Swift2/PopoverTextEntryViewController.swift; sourceTree = "<group>"; };
		1CB008281D7BDC850078DF8B /* PopoverTextEntryViewController.xib */ = {isa = PBXFileReference; fileEncoding = 4; lastKnownFileType = file.xib; name = PopoverTextEntryViewController.xib; path = Swift2/PopoverTextEntryViewController.xib; sourceTree = "<group>"; };
		1CB008291D7BDC850078DF8B /* RandomizeHelpers.swift */ = {isa = PBXFileReference; fileEncoding = 4; lastKnownFileType = sourcecode.swift; name = RandomizeHelpers.swift; path = Swift2/RandomizeHelpers.swift; sourceTree = "<group>"; };
		1CB0082A1D7BDC850078DF8B /* Utility.swift */ = {isa = PBXFileReference; fileEncoding = 4; lastKnownFileType = sourcecode.swift; name = Utility.swift; path = Swift2/Utility.swift; sourceTree = "<group>"; };
		1CB0082B1D7BDC850078DF8B /* ValidationHelpers.swift */ = {isa = PBXFileReference; fileEncoding = 4; lastKnownFileType = sourcecode.swift; name = ValidationHelpers.swift; path = Swift2/ValidationHelpers.swift; sourceTree = "<group>"; };
		1CB36D721DA16CFF0095E4DF /* CircleGraphView.swift */ = {isa = PBXFileReference; fileEncoding = 4; lastKnownFileType = sourcecode.swift; name = CircleGraphView.swift; path = Swift3/CircleGraphView.swift; sourceTree = "<group>"; };
		1CD823A91D90D68A002D6FCE /* CoreDataManager.swift */ = {isa = PBXFileReference; fileEncoding = 4; lastKnownFileType = sourcecode.swift; name = CoreDataManager.swift; path = Swift3/CoreDataManager.swift; sourceTree = "<group>"; };
		1CD823AD1D90D71D002D6FCE /* ImagePanViewController.swift */ = {isa = PBXFileReference; fileEncoding = 4; lastKnownFileType = sourcecode.swift; name = ImagePanViewController.swift; path = Swift3/ImagePanViewController.swift; sourceTree = "<group>"; };
/* End PBXFileReference section */

/* Begin PBXFrameworksBuildPhase section */
		1C13D9BD1CCDD27300164F16 /* Frameworks */ = {
			isa = PBXFrameworksBuildPhase;
			buildActionMask = 2147483647;
			files = (
			);
			runOnlyForDeploymentPostprocessing = 0;
		};
/* End PBXFrameworksBuildPhase section */

/* Begin PBXGroup section */
		1C13D9B71CCDD27200164F16 = {
			isa = PBXGroup;
			children = (
				1C13D9C21CCDD27300164F16 /* TMShared */,
				1C13D9C11CCDD27300164F16 /* Products */,
			);
			sourceTree = "<group>";
		};
		1C13D9C11CCDD27300164F16 /* Products */ = {
			isa = PBXGroup;
			children = (
				1C13D9C01CCDD27300164F16 /* TMShared.app */,
			);
			name = Products;
			sourceTree = "<group>";
		};
		1C13D9C21CCDD27300164F16 /* TMShared */ = {
			isa = PBXGroup;
			children = (
				1CB008201D7BDC590078DF8B /* Swift3 */,
				1CB0081F1D7BDC520078DF8B /* Swift2 */,
			);
			path = TMShared;
			sourceTree = "<group>";
		};
		1CB0081F1D7BDC520078DF8B /* Swift2 */ = {
			isa = PBXGroup;
			children = (
				1CB008211D7BDC850078DF8B /* CloudKitHelpers.swift */,
				1CB008221D7BDC850078DF8B /* CoreDataManager.swift */,
				1CB008231D7BDC850078DF8B /* PopoverDatePickerViewController.swift */,
				1CB008241D7BDC850078DF8B /* PopoverDatePickerViewController.xib */,
				1CB008251D7BDC850078DF8B /* PopoverSelectorViewController.swift */,
				1CB008261D7BDC850078DF8B /* PopoverSelectorViewController.xib */,
				1CB008271D7BDC850078DF8B /* PopoverTextEntryViewController.swift */,
				1CB008281D7BDC850078DF8B /* PopoverTextEntryViewController.xib */,
				1CB008291D7BDC850078DF8B /* RandomizeHelpers.swift */,
				1CB0082A1D7BDC850078DF8B /* Utility.swift */,
				1CB0082B1D7BDC850078DF8B /* ValidationHelpers.swift */,
			);
			name = Swift2;
			sourceTree = "<group>";
		};
		1CB008201D7BDC590078DF8B /* Swift3 */ = {
			isa = PBXGroup;
			children = (
				1C230FBE1DC6DAF200CC2167 /* RangeSlider.swift */,
				1CB36D721DA16CFF0095E4DF /* CircleGraphView.swift */,
				1C51234A1D9776950097F5F1 /* PopoverDatePickerViewController.swift */,
				1CD823AD1D90D71D002D6FCE /* ImagePanViewController.swift */,
				1CD823A91D90D68A002D6FCE /* CoreDataManager.swift */,
				1C804E2F1D7F78C00035E280 /* Utility.swift */,
			);
			name = Swift3;
			sourceTree = "<group>";
		};
/* End PBXGroup section */

/* Begin PBXNativeTarget section */
		1C13D9BF1CCDD27300164F16 /* TMShared */ = {
			isa = PBXNativeTarget;
			buildConfigurationList = 1C13D9D21CCDD27300164F16 /* Build configuration list for PBXNativeTarget "TMShared" */;
			buildPhases = (
				1C13D9BC1CCDD27300164F16 /* Sources */,
				1C13D9BD1CCDD27300164F16 /* Frameworks */,
				1C13D9BE1CCDD27300164F16 /* Resources */,
			);
			buildRules = (
			);
			dependencies = (
			);
			name = TMShared;
			productName = TMShared;
			productReference = 1C13D9C01CCDD27300164F16 /* TMShared.app */;
			productType = "com.apple.product-type.application";
		};
/* End PBXNativeTarget section */

/* Begin PBXProject section */
		1C13D9B81CCDD27200164F16 /* Project object */ = {
			isa = PBXProject;
			attributes = {
				LastSwiftUpdateCheck = 0730;
				LastUpgradeCheck = 0800;
				ORGANIZATIONNAME = "Travis Ma";
				TargetAttributes = {
					1C13D9BF1CCDD27300164F16 = {
						CreatedOnToolsVersion = 7.3;
					};
				};
			};
			buildConfigurationList = 1C13D9BB1CCDD27200164F16 /* Build configuration list for PBXProject "TMShared" */;
			compatibilityVersion = "Xcode 3.2";
			developmentRegion = English;
			hasScannedForEncodings = 0;
			knownRegions = (
				en,
				Base,
			);
			mainGroup = 1C13D9B71CCDD27200164F16;
			productRefGroup = 1C13D9C11CCDD27300164F16 /* Products */;
			projectDirPath = "";
			projectRoot = "";
			targets = (
				1C13D9BF1CCDD27300164F16 /* TMShared */,
			);
		};
/* End PBXProject section */

/* Begin PBXResourcesBuildPhase section */
		1C13D9BE1CCDD27300164F16 /* Resources */ = {
			isa = PBXResourcesBuildPhase;
			buildActionMask = 2147483647;
			files = (
				1CB008331D7BDC850078DF8B /* PopoverTextEntryViewController.xib in Resources */,
				1CB0082F1D7BDC850078DF8B /* PopoverDatePickerViewController.xib in Resources */,
				1CB008311D7BDC850078DF8B /* PopoverSelectorViewController.xib in Resources */,
			);
			runOnlyForDeploymentPostprocessing = 0;
		};
/* End PBXResourcesBuildPhase section */

/* Begin PBXSourcesBuildPhase section */
		1C13D9BC1CCDD27300164F16 /* Sources */ = {
			isa = PBXSourcesBuildPhase;
			buildActionMask = 2147483647;
			files = (
				1CB008361D7BDC850078DF8B /* ValidationHelpers.swift in Sources */,
				1CB008351D7BDC850078DF8B /* Utility.swift in Sources */,
				1CB36D731DA16CFF0095E4DF /* CircleGraphView.swift in Sources */,
				1C804E301D7F78C00035E280 /* Utility.swift in Sources */,
				1CB008321D7BDC850078DF8B /* PopoverTextEntryViewController.swift in Sources */,
				1CB008341D7BDC850078DF8B /* RandomizeHelpers.swift in Sources */,
				1CB0082D1D7BDC850078DF8B /* CoreDataManager.swift in Sources */,
				1CB008301D7BDC850078DF8B /* PopoverSelectorViewController.swift in Sources */,
				1CB0082E1D7BDC850078DF8B /* PopoverDatePickerViewController.swift in Sources */,
				1CD823AA1D90D68A002D6FCE /* CoreDataManager.swift in Sources */,
				1CD823AE1D90D71D002D6FCE /* ImagePanViewController.swift in Sources */,
				1C51234B1D9776950097F5F1 /* PopoverDatePickerViewController.swift in Sources */,
				1C230FBF1DC6DAF200CC2167 /* RangeSlider.swift in Sources */,
				1CB0082C1D7BDC850078DF8B /* CloudKitHelpers.swift in Sources */,
			);
			runOnlyForDeploymentPostprocessing = 0;
		};
/* End PBXSourcesBuildPhase section */

/* Begin XCBuildConfiguration section */
		1C13D9D01CCDD27300164F16 /* Debug */ = {
			isa = XCBuildConfiguration;
			buildSettings = {
				ALWAYS_SEARCH_USER_PATHS = NO;
				CLANG_ANALYZER_NONNULL = YES;
				CLANG_CXX_LANGUAGE_STANDARD = "gnu++0x";
				CLANG_CXX_LIBRARY = "libc++";
				CLANG_ENABLE_MODULES = YES;
				CLANG_ENABLE_OBJC_ARC = YES;
				CLANG_WARN_BOOL_CONVERSION = YES;
				CLANG_WARN_CONSTANT_CONVERSION = YES;
				CLANG_WARN_DIRECT_OBJC_ISA_USAGE = YES_ERROR;
				CLANG_WARN_EMPTY_BODY = YES;
				CLANG_WARN_ENUM_CONVERSION = YES;
				CLANG_WARN_INFINITE_RECURSION = YES;
				CLANG_WARN_INT_CONVERSION = YES;
				CLANG_WARN_OBJC_ROOT_CLASS = YES_ERROR;
				CLANG_WARN_SUSPICIOUS_MOVE = YES;
				CLANG_WARN_UNREACHABLE_CODE = YES;
				CLANG_WARN__DUPLICATE_METHOD_MATCH = YES;
				"CODE_SIGN_IDENTITY[sdk=iphoneos*]" = "iPhone Developer";
				COPY_PHASE_STRIP = NO;
				DEBUG_INFORMATION_FORMAT = dwarf;
				ENABLE_STRICT_OBJC_MSGSEND = YES;
				ENABLE_TESTABILITY = YES;
				GCC_C_LANGUAGE_STANDARD = gnu99;
				GCC_DYNAMIC_NO_PIC = NO;
				GCC_NO_COMMON_BLOCKS = YES;
				GCC_OPTIMIZATION_LEVEL = 0;
				GCC_PREPROCESSOR_DEFINITIONS = (
					"DEBUG=1",
					"$(inherited)",
				);
				GCC_WARN_64_TO_32_BIT_CONVERSION = YES;
				GCC_WARN_ABOUT_RETURN_TYPE = YES_ERROR;
				GCC_WARN_UNDECLARED_SELECTOR = YES;
				GCC_WARN_UNINITIALIZED_AUTOS = YES_AGGRESSIVE;
				GCC_WARN_UNUSED_FUNCTION = YES;
				GCC_WARN_UNUSED_VARIABLE = YES;
				IPHONEOS_DEPLOYMENT_TARGET = 9.3;
				MTL_ENABLE_DEBUG_INFO = YES;
				ONLY_ACTIVE_ARCH = YES;
				SDKROOT = iphoneos;
				SWIFT_OPTIMIZATION_LEVEL = "-Onone";
				TARGETED_DEVICE_FAMILY = "1,2";
			};
			name = Debug;
		};
		1C13D9D11CCDD27300164F16 /* Release */ = {
			isa = XCBuildConfiguration;
			buildSettings = {
				ALWAYS_SEARCH_USER_PATHS = NO;
				CLANG_ANALYZER_NONNULL = YES;
				CLANG_CXX_LANGUAGE_STANDARD = "gnu++0x";
				CLANG_CXX_LIBRARY = "libc++";
				CLANG_ENABLE_MODULES = YES;
				CLANG_ENABLE_OBJC_ARC = YES;
				CLANG_WARN_BOOL_CONVERSION = YES;
				CLANG_WARN_CONSTANT_CONVERSION = YES;
				CLANG_WARN_DIRECT_OBJC_ISA_USAGE = YES_ERROR;
				CLANG_WARN_EMPTY_BODY = YES;
				CLANG_WARN_ENUM_CONVERSION = YES;
				CLANG_WARN_INFINITE_RECURSION = YES;
				CLANG_WARN_INT_CONVERSION = YES;
				CLANG_WARN_OBJC_ROOT_CLASS = YES_ERROR;
				CLANG_WARN_SUSPICIOUS_MOVE = YES;
				CLANG_WARN_UNREACHABLE_CODE = YES;
				CLANG_WARN__DUPLICATE_METHOD_MATCH = YES;
				"CODE_SIGN_IDENTITY[sdk=iphoneos*]" = "iPhone Developer";
				COPY_PHASE_STRIP = NO;
				DEBUG_INFORMATION_FORMAT = "dwarf-with-dsym";
				ENABLE_NS_ASSERTIONS = NO;
				ENABLE_STRICT_OBJC_MSGSEND = YES;
				GCC_C_LANGUAGE_STANDARD = gnu99;
				GCC_NO_COMMON_BLOCKS = YES;
				GCC_WARN_64_TO_32_BIT_CONVERSION = YES;
				GCC_WARN_ABOUT_RETURN_TYPE = YES_ERROR;
				GCC_WARN_UNDECLARED_SELECTOR = YES;
				GCC_WARN_UNINITIALIZED_AUTOS = YES_AGGRESSIVE;
				GCC_WARN_UNUSED_FUNCTION = YES;
				GCC_WARN_UNUSED_VARIABLE = YES;
				IPHONEOS_DEPLOYMENT_TARGET = 9.3;
				MTL_ENABLE_DEBUG_INFO = NO;
				SDKROOT = iphoneos;
				SWIFT_OPTIMIZATION_LEVEL = "-Owholemodule";
				TARGETED_DEVICE_FAMILY = "1,2";
				VALIDATE_PRODUCT = YES;
			};
			name = Release;
		};
		1C13D9D31CCDD27300164F16 /* Debug */ = {
			isa = XCBuildConfiguration;
			buildSettings = {
				CLANG_ENABLE_MODULES = YES;
				INFOPLIST_FILE = TMShared/Info.plist;
				LD_RUNPATH_SEARCH_PATHS = "$(inherited) @executable_path/Frameworks";
				PRODUCT_BUNDLE_IDENTIFIER = com.travisma.TMShared;
				PRODUCT_NAME = "$(TARGET_NAME)";
				SWIFT_OPTIMIZATION_LEVEL = "-Onone";
			};
			name = Debug;
		};
		1C13D9D41CCDD27300164F16 /* Release */ = {
			isa = XCBuildConfiguration;
			buildSettings = {
				CLANG_ENABLE_MODULES = YES;
				INFOPLIST_FILE = TMShared/Info.plist;
				LD_RUNPATH_SEARCH_PATHS = "$(inherited) @executable_path/Frameworks";
				PRODUCT_BUNDLE_IDENTIFIER = com.travisma.TMShared;
				PRODUCT_NAME = "$(TARGET_NAME)";
			};
			name = Release;
		};
/* End XCBuildConfiguration section */

/* Begin XCConfigurationList section */
		1C13D9BB1CCDD27200164F16 /* Build configuration list for PBXProject "TMShared" */ = {
			isa = XCConfigurationList;
			buildConfigurations = (
				1C13D9D01CCDD27300164F16 /* Debug */,
				1C13D9D11CCDD27300164F16 /* Release */,
			);
			defaultConfigurationIsVisible = 0;
			defaultConfigurationName = Release;
		};
		1C13D9D21CCDD27300164F16 /* Build configuration list for PBXNativeTarget "TMShared" */ = {
			isa = XCConfigurationList;
			buildConfigurations = (
				1C13D9D31CCDD27300164F16 /* Debug */,
				1C13D9D41CCDD27300164F16 /* Release */,
			);
			defaultConfigurationIsVisible = 0;
			defaultConfigurationName = Release;
		};
/* End XCConfigurationList section */
	};
	rootObject = 1C13D9B81CCDD27200164F16 /* Project object */;
}
